
Microsoft Visual Studio Solution File, Format Version 12.00
# Visual Studio Version 17
VisualStudioVersion = 17.4.33403.182
MinimumVisualStudioVersion = 10.0.40219.1
Project("{FAE04EC0-301F-11D3-BF4B-00C04F79EFBC}") = "BulkyBookWeb", "BulkyBookWeb\BulkyBookWeb.csproj", "{BCDAA5D8-55E9-4247-B276-96487AB08252}"
EndProject
Global
	GlobalSection(SolutionConfigurationPlatforms) = preSolution
		Debug|Any CPU = Debug|Any CPU
		Release|Any CPU = Release|Any CPU
	EndGlobalSection
	GlobalSection(ProjectConfigurationPlatforms) = postSolution
		{BCDAA5D8-55E9-4247-B276-96487AB08252}.Debug|Any CPU.ActiveCfg = Debug|Any CPU
		{BCDAA5D8-55E9-4247-B276-96487AB08252}.Debug|Any CPU.Build.0 = Debug|Any CPU
		{BCDAA5D8-55E9-4247-B276-96487AB08252}.Release|Any CPU.ActiveCfg = Release|Any CPU
		{BCDAA5D8-55E9-4247-B276-96487AB08252}.Release|Any CPU.Build.0 = Release|Any CPU
	EndGlobalSection
	GlobalSection(SolutionProperties) = preSolution
		HideSolutionNode = FALSE
	EndGlobalSection
	GlobalSection(ExtensibilityGlobals) = postSolution
		SolutionGuid = {C7181CD8-C09F-47FF-BCE7-E20BD56763D4}
	EndGlobalSection
EndGlobal
